
Microsoft Visual Studio Solution File, Format Version 12.00
# Visual Studio Version 17
VisualStudioVersion = 17.7.34202.233
MinimumVisualStudioVersion = 10.0.40219.1
Project("{9A19103F-16F7-4668-BE54-9A1E7A4F7556}") = "NZWalks.API", "NZWalks.API\NZWalks.API.csproj", "{3A4373C0-5EB3-4CF2-BA55-67B7BEBEB3C2}"
EndProject
Project("{FAE04EC0-301F-11D3-BF4B-00C04F79EFBC}") = "NZWalks.WEB", "NZWalks.WEB\NZWalks.WEB.csproj", "{292D7B47-10D2-4551-ACCF-193DB708D42F}"
EndProject
Global
	GlobalSection(SolutionConfigurationPlatforms) = preSolution
		Debug|Any CPU = Debug|Any CPU
		Release|Any CPU = Release|Any CPU
	EndGlobalSection
	GlobalSection(ProjectConfigurationPlatforms) = postSolution
		{3A4373C0-5EB3-4CF2-BA55-67B7BEBEB3C2}.Debug|Any CPU.ActiveCfg = Debug|Any CPU
		{3A4373C0-5EB3-4CF2-BA55-67B7BEBEB3C2}.Debug|Any CPU.Build.0 = Debug|Any CPU
		{3A4373C0-5EB3-4CF2-BA55-67B7BEBEB3C2}.Release|Any CPU.ActiveCfg = Release|Any CPU
		{3A4373C0-5EB3-4CF2-BA55-67B7BEBEB3C2}.Release|Any CPU.Build.0 = Release|Any CPU
		{292D7B47-10D2-4551-ACCF-193DB708D42F}.Debug|Any CPU.ActiveCfg = Debug|Any CPU
		{292D7B47-10D2-4551-ACCF-193DB708D42F}.Debug|Any CPU.Build.0 = Debug|Any CPU
		{292D7B47-10D2-4551-ACCF-193DB708D42F}.Release|Any CPU.ActiveCfg = Release|Any CPU
		{292D7B47-10D2-4551-ACCF-193DB708D42F}.Release|Any CPU.Build.0 = Release|Any CPU
	EndGlobalSection
	GlobalSection(SolutionProperties) = preSolution
		HideSolutionNode = FALSE
	EndGlobalSection
	GlobalSection(ExtensibilityGlobals) = postSolution
		SolutionGuid = {2169DE3C-9340-44FB-BB18-6F4284A7359F}
	EndGlobalSection
EndGlobal
